
Microsoft Visual Studio Solution File, Format Version 12.00
# Visual Studio Version 16
VisualStudioVersion = 16.0.30114.105
MinimumVisualStudioVersion = 10.0.40219.1
Project("{FAE04EC0-301F-11D3-BF4B-00C04F79EFBC}") = "SWDT_OOP_Homework", "SWDT_OOP_Homework\SWDT_OOP_Homework.csproj", "{407577D1-699F-4B0F-9CF8-10697F9C8649}"
EndProject
Global
	GlobalSection(SolutionConfigurationPlatforms) = preSolution
		Debug|Any CPU = Debug|Any CPU
		Release|Any CPU = Release|Any CPU
	EndGlobalSection
	GlobalSection(ProjectConfigurationPlatforms) = postSolution
		{407577D1-699F-4B0F-9CF8-10697F9C8649}.Debug|Any CPU.ActiveCfg = Debug|Any CPU
		{407577D1-699F-4B0F-9CF8-10697F9C8649}.Debug|Any CPU.Build.0 = Debug|Any CPU
		{407577D1-699F-4B0F-9CF8-10697F9C8649}.Release|Any CPU.ActiveCfg = Release|Any CPU
		{407577D1-699F-4B0F-9CF8-10697F9C8649}.Release|Any CPU.Build.0 = Release|Any CPU
	EndGlobalSection
	GlobalSection(SolutionProperties) = preSolution
		HideSolutionNode = FALSE
	EndGlobalSection
	GlobalSection(ExtensibilityGlobals) = postSolution
		SolutionGuid = {C74E1F7B-247D-4BF3-A013-2822C285F9FA}
	EndGlobalSection
EndGlobal
